{
  "name": "lunia-frontend",
  "version": "0.1.0",
  "lockfileVersion": 3,
  "requires": true,
  "packages": {
    "": {
      "name": "lunia-frontend",
      "version": "0.1.0",
      "private": true,
      "dependencies": {
        "react": "18.3.1",
        "react-dom": "18.3.1",
        "react-router-dom": "6.22.3"
      },
      "devDependencies": {
        "@types/react": "18.2.45",
        "@types/react-dom": "18.2.18",
        "@typescript-eslint/eslint-plugin": "7.4.0",
        "@typescript-eslint/parser": "7.4.0",
        "@vitejs/plugin-react": "4.2.1",
        "eslint": "8.57.0",
        "eslint-plugin-react-hooks": "4.6.0",
        "eslint-plugin-react-refresh": "0.4.6",
        "typescript": "5.3.3",
        "vite": "5.1.0"
      }
    }
  },
  "dependencies": {
    "@types/react": {
      "version": "18.2.45"
    },
    "@types/react-dom": {
      "version": "18.2.18"
    },
    "@typescript-eslint/eslint-plugin": {
      "version": "7.4.0"
    },
    "@typescript-eslint/parser": {
      "version": "7.4.0"
    },
    "@vitejs/plugin-react": {
      "version": "4.2.1"
    },
    "eslint": {
      "version": "8.57.0"
    },
    "eslint-plugin-react-hooks": {
      "version": "4.6.0"
    },
    "eslint-plugin-react-refresh": {
      "version": "0.4.6"
    },
    "react": {
      "version": "18.3.1"
    },
    "react-dom": {
      "version": "18.3.1"
    },
    "react-router-dom": {
      "version": "6.22.3"
    },
    "typescript": {
      "version": "5.3.3"
    },
    "vite": {
      "version": "5.1.0"
    }
  }
}
